
Microsoft Visual Studio Solution File, Format Version 12.00
# Visual Studio Version 17
VisualStudioVersion = 17.14.36202.13 d17.14
MinimumVisualStudioVersion = 10.0.40219.1
Project("{FAE04EC0-301F-11D3-BF4B-00C04F79EFBC}") = "Arena SF AM Checker", "Arena SF AM Checker.csproj", "{BE41C11C-80B7-4701-8E4D-23543CFAA0E5}"
EndProject
Global
	GlobalSection(SolutionConfigurationPlatforms) = preSolution
		Debug|Any CPU = Debug|Any CPU
		Release|Any CPU = Release|Any CPU
	EndGlobalSection
	GlobalSection(ProjectConfigurationPlatforms) = postSolution
		{BE41C11C-80B7-4701-8E4D-23543CFAA0E5}.Debug|Any CPU.ActiveCfg = Debug|Any CPU
		{BE41C11C-80B7-4701-8E4D-23543CFAA0E5}.Debug|Any CPU.Build.0 = Debug|Any CPU
		{BE41C11C-80B7-4701-8E4D-23543CFAA0E5}.Release|Any CPU.ActiveCfg = Release|Any CPU
		{BE41C11C-80B7-4701-8E4D-23543CFAA0E5}.Release|Any CPU.Build.0 = Release|Any CPU
	EndGlobalSection
	GlobalSection(SolutionProperties) = preSolution
		HideSolutionNode = FALSE
	EndGlobalSection
	GlobalSection(ExtensibilityGlobals) = postSolution
		SolutionGuid = {89D52594-281A-4DCA-896B-EBD125F19AAA}
	EndGlobalSection
EndGlobal
